
Microsoft Visual Studio Solution File, Format Version 12.00
# Visual Studio Version 17
VisualStudioVersion = 17.10.34916.146
MinimumVisualStudioVersion = 10.0.40219.1
Project("{FAE04EC0-301F-11D3-BF4B-00C04F79EFBC}") = "WindowsFormsApp1", "WindowsFormsApp1\WindowsFormsApp1.csproj", "{3A47EA65-6E19-492B-8ECA-68157B10CB2D}"
EndProject
Global
	GlobalSection(SolutionConfigurationPlatforms) = preSolution
		Debug|Any CPU = Debug|Any CPU
		Release|Any CPU = Release|Any CPU
	EndGlobalSection
	GlobalSection(ProjectConfigurationPlatforms) = postSolution
		{3A47EA65-6E19-492B-8ECA-68157B10CB2D}.Debug|Any CPU.ActiveCfg = Debug|Any CPU
		{3A47EA65-6E19-492B-8ECA-68157B10CB2D}.Debug|Any CPU.Build.0 = Debug|Any CPU
		{3A47EA65-6E19-492B-8ECA-68157B10CB2D}.Release|Any CPU.ActiveCfg = Release|Any CPU
		{3A47EA65-6E19-492B-8ECA-68157B10CB2D}.Release|Any CPU.Build.0 = Release|Any CPU
	EndGlobalSection
	GlobalSection(SolutionProperties) = preSolution
		HideSolutionNode = FALSE
	EndGlobalSection
	GlobalSection(ExtensibilityGlobals) = postSolution
		SolutionGuid = {F48EAA8F-C1CE-43FE-8F15-9DE96105596A}
	EndGlobalSection
EndGlobal
